
Microsoft Visual Studio Solution File, Format Version 12.00
# Visual Studio Version 17
VisualStudioVersion = 17.8.34511.84
MinimumVisualStudioVersion = 10.0.40219.1
Project("{9A19103F-16F7-4668-BE54-9A1E7A4F7556}") = "nunitExample", "nunit\nunitExample.csproj", "{941712F3-4FBA-4357-B2CB-ACD88BEFBEF8}"
EndProject
Project("{FAE04EC0-301F-11D3-BF4B-00C04F79EFBC}") = "nunitExample.nUnitTests", "nunitExample.nUnitTests\nunitExample.nUnitTests.csproj", "{1512A453-0228-4A0E-A151-E1DD47A98232}"
EndProject
Global
	GlobalSection(SolutionConfigurationPlatforms) = preSolution
		Debug|Any CPU = Debug|Any CPU
		Release|Any CPU = Release|Any CPU
	EndGlobalSection
	GlobalSection(ProjectConfigurationPlatforms) = postSolution
		{941712F3-4FBA-4357-B2CB-ACD88BEFBEF8}.Debug|Any CPU.ActiveCfg = Debug|Any CPU
		{941712F3-4FBA-4357-B2CB-ACD88BEFBEF8}.Debug|Any CPU.Build.0 = Debug|Any CPU
		{941712F3-4FBA-4357-B2CB-ACD88BEFBEF8}.Release|Any CPU.ActiveCfg = Release|Any CPU
		{941712F3-4FBA-4357-B2CB-ACD88BEFBEF8}.Release|Any CPU.Build.0 = Release|Any CPU
		{1512A453-0228-4A0E-A151-E1DD47A98232}.Debug|Any CPU.ActiveCfg = Debug|Any CPU
		{1512A453-0228-4A0E-A151-E1DD47A98232}.Debug|Any CPU.Build.0 = Debug|Any CPU
		{1512A453-0228-4A0E-A151-E1DD47A98232}.Release|Any CPU.ActiveCfg = Release|Any CPU
		{1512A453-0228-4A0E-A151-E1DD47A98232}.Release|Any CPU.Build.0 = Release|Any CPU
	EndGlobalSection
	GlobalSection(SolutionProperties) = preSolution
		HideSolutionNode = FALSE
	EndGlobalSection
	GlobalSection(ExtensibilityGlobals) = postSolution
		SolutionGuid = {2F1DA0EE-B491-42D8-A934-FE7BD1D823C8}
	EndGlobalSection
EndGlobal
